<?xml version="1.0" encoding="utf-8"?>
<Project ToolsVersion="4.0" xmlns="http://schemas.microsoft.com/developer/msbuild/2003">
  <ItemGroup>
    <Filter Include="Source Files">
      <UniqueIdentifier>{1b3d60ce-5b4e-4e70-98f1-0bd7e619cece}</UniqueIdentifier>
      <Extensions>.cpp;.cxx;.c</Extensions>
    </Filter>
    <Filter Include="Header Files">
      <UniqueIdentifier>{3af757c8-8e76-4079-afce-6d35c73629a8}</UniqueIdentifier>
      <Extensions>.h;.hpp</Extensions>
    </Filter>
    <Filter Include="Resource Files">
      <UniqueIdentifier>{f04a1170-1fef-45dd-b51f-82832bbc8228}</UniqueIdentifier>
      <Extensions>.rc;.rc2;.ico;.gif;.bmp;</Extensions>
    </Filter>
  </ItemGroup>
  <ItemGroup>
    <ClCompile Include="findMemcpy.cpp">
      <Filter>Source Files</Filter>
    </ClCompile>
  </ItemGroup>
</Project>